
Microsoft Visual Studio Solution File, Format Version 12.00
# Visual Studio Version 16
VisualStudioVersion = 16.0.29709.97
MinimumVisualStudioVersion = 10.0.40219.1
Project("{FAE04EC0-301F-11D3-BF4B-00C04F79EFBC}") = "SPS Windows Game", "SPS Windows Game.csproj", "{B9CA1897-BAA6-4D3A-8D14-18CF466E2F32}"
EndProject
Global
	GlobalSection(SolutionConfigurationPlatforms) = preSolution
		Debug|Any CPU = Debug|Any CPU
		Release|Any CPU = Release|Any CPU
	EndGlobalSection
	GlobalSection(ProjectConfigurationPlatforms) = postSolution
		{B9CA1897-BAA6-4D3A-8D14-18CF466E2F32}.Debug|Any CPU.ActiveCfg = Debug|Any CPU
		{B9CA1897-BAA6-4D3A-8D14-18CF466E2F32}.Debug|Any CPU.Build.0 = Debug|Any CPU
		{B9CA1897-BAA6-4D3A-8D14-18CF466E2F32}.Release|Any CPU.ActiveCfg = Release|Any CPU
		{B9CA1897-BAA6-4D3A-8D14-18CF466E2F32}.Release|Any CPU.Build.0 = Release|Any CPU
	EndGlobalSection
	GlobalSection(SolutionProperties) = preSolution
		HideSolutionNode = FALSE
	EndGlobalSection
	GlobalSection(ExtensibilityGlobals) = postSolution
		SolutionGuid = {B03F0E8E-B461-4FC8-B4BD-ABD96365C336}
	EndGlobalSection
EndGlobal
